
Microsoft Visual Studio Solution File, Format Version 11.00
# Visual Studio 2010
Project("{FAE04EC0-301F-11D3-BF4B-00C04F79EFBC}") = "Util", "Util\Util.csproj", "{06167BA0-2667-4834-BD45-57563C918E2F}"
EndProject
Project("{FAE04EC0-301F-11D3-BF4B-00C04F79EFBC}") = "Test", "Test\Test.csproj", "{71C08A94-E72F-4ABB-8861-204371E35970}"
EndProject
Project("{FAE04EC0-301F-11D3-BF4B-00C04F79EFBC}") = "Web", "Web\Web.csproj", "{8A435430-263F-422C-ACE6-3CABE78C06CA}"
EndProject
Project("{FAE04EC0-301F-11D3-BF4B-00C04F79EFBC}") = "Scanner", "Scanner\Scanner.csproj", "{3E2383E3-38A0-4E40-B34E-1462498FFAD0}"
EndProject
Project("{FAE04EC0-301F-11D3-BF4B-00C04F79EFBC}") = "DeliveryEngine", "DeliveryEngine\DeliveryEngine.csproj", "{60B89777-A0BC-4D06-AFA4-89E06809C92C}"
EndProject
Project("{FAE04EC0-301F-11D3-BF4B-00C04F79EFBC}") = "Processor", "Processor\Processor.csproj", "{168C6B8D-2265-4465-BEAE-D26120C35314}"
EndProject
Global
	GlobalSection(SolutionConfigurationPlatforms) = preSolution
		Debug|Any CPU = Debug|Any CPU
		Debug|Mixed Platforms = Debug|Mixed Platforms
		Debug|x86 = Debug|x86
		Release|Any CPU = Release|Any CPU
		Release|Mixed Platforms = Release|Mixed Platforms
		Release|x86 = Release|x86
	EndGlobalSection
	GlobalSection(ProjectConfigurationPlatforms) = postSolution
		{06167BA0-2667-4834-BD45-57563C918E2F}.Debug|Any CPU.ActiveCfg = Debug|Any CPU
		{06167BA0-2667-4834-BD45-57563C918E2F}.Debug|Any CPU.Build.0 = Debug|Any CPU
		{06167BA0-2667-4834-BD45-57563C918E2F}.Debug|Mixed Platforms.ActiveCfg = Debug|Any CPU
		{06167BA0-2667-4834-BD45-57563C918E2F}.Debug|Mixed Platforms.Build.0 = Debug|Any CPU
		{06167BA0-2667-4834-BD45-57563C918E2F}.Debug|x86.ActiveCfg = Debug|Any CPU
		{06167BA0-2667-4834-BD45-57563C918E2F}.Release|Any CPU.ActiveCfg = Release|Any CPU
		{06167BA0-2667-4834-BD45-57563C918E2F}.Release|Any CPU.Build.0 = Release|Any CPU
		{06167BA0-2667-4834-BD45-57563C918E2F}.Release|Mixed Platforms.ActiveCfg = Release|Any CPU
		{06167BA0-2667-4834-BD45-57563C918E2F}.Release|Mixed Platforms.Build.0 = Release|Any CPU
		{06167BA0-2667-4834-BD45-57563C918E2F}.Release|x86.ActiveCfg = Release|Any CPU
		{71C08A94-E72F-4ABB-8861-204371E35970}.Debug|Any CPU.ActiveCfg = Debug|x86
		{71C08A94-E72F-4ABB-8861-204371E35970}.Debug|Mixed Platforms.ActiveCfg = Debug|x86
		{71C08A94-E72F-4ABB-8861-204371E35970}.Debug|Mixed Platforms.Build.0 = Debug|x86
		{71C08A94-E72F-4ABB-8861-204371E35970}.Debug|x86.ActiveCfg = Debug|x86
		{71C08A94-E72F-4ABB-8861-204371E35970}.Debug|x86.Build.0 = Debug|x86
		{71C08A94-E72F-4ABB-8861-204371E35970}.Release|Any CPU.ActiveCfg = Release|x86
		{71C08A94-E72F-4ABB-8861-204371E35970}.Release|Mixed Platforms.ActiveCfg = Release|x86
		{71C08A94-E72F-4ABB-8861-204371E35970}.Release|Mixed Platforms.Build.0 = Release|x86
		{71C08A94-E72F-4ABB-8861-204371E35970}.Release|x86.ActiveCfg = Release|x86
		{71C08A94-E72F-4ABB-8861-204371E35970}.Release|x86.Build.0 = Release|x86
		{8A435430-263F-422C-ACE6-3CABE78C06CA}.Debug|Any CPU.ActiveCfg = Debug|Any CPU
		{8A435430-263F-422C-ACE6-3CABE78C06CA}.Debug|Any CPU.Build.0 = Debug|Any CPU
		{8A435430-263F-422C-ACE6-3CABE78C06CA}.Debug|Mixed Platforms.ActiveCfg = Debug|Any CPU
		{8A435430-263F-422C-ACE6-3CABE78C06CA}.Debug|Mixed Platforms.Build.0 = Debug|Any CPU
		{8A435430-263F-422C-ACE6-3CABE78C06CA}.Debug|x86.ActiveCfg = Debug|Any CPU
		{8A435430-263F-422C-ACE6-3CABE78C06CA}.Release|Any CPU.ActiveCfg = Release|Any CPU
		{8A435430-263F-422C-ACE6-3CABE78C06CA}.Release|Any CPU.Build.0 = Release|Any CPU
		{8A435430-263F-422C-ACE6-3CABE78C06CA}.Release|Mixed Platforms.ActiveCfg = Release|Any CPU
		{8A435430-263F-422C-ACE6-3CABE78C06CA}.Release|Mixed Platforms.Build.0 = Release|Any CPU
		{8A435430-263F-422C-ACE6-3CABE78C06CA}.Release|x86.ActiveCfg = Release|Any CPU
		{3E2383E3-38A0-4E40-B34E-1462498FFAD0}.Debug|Any CPU.ActiveCfg = Debug|x86
		{3E2383E3-38A0-4E40-B34E-1462498FFAD0}.Debug|Mixed Platforms.ActiveCfg = Debug|x86
		{3E2383E3-38A0-4E40-B34E-1462498FFAD0}.Debug|Mixed Platforms.Build.0 = Debug|x86
		{3E2383E3-38A0-4E40-B34E-1462498FFAD0}.Debug|x86.ActiveCfg = Debug|x86
		{3E2383E3-38A0-4E40-B34E-1462498FFAD0}.Debug|x86.Build.0 = Debug|x86
		{3E2383E3-38A0-4E40-B34E-1462498FFAD0}.Release|Any CPU.ActiveCfg = Release|x86
		{3E2383E3-38A0-4E40-B34E-1462498FFAD0}.Release|Mixed Platforms.ActiveCfg = Release|x86
		{3E2383E3-38A0-4E40-B34E-1462498FFAD0}.Release|Mixed Platforms.Build.0 = Release|x86
		{3E2383E3-38A0-4E40-B34E-1462498FFAD0}.Release|x86.ActiveCfg = Release|x86
		{3E2383E3-38A0-4E40-B34E-1462498FFAD0}.Release|x86.Build.0 = Release|x86
		{60B89777-A0BC-4D06-AFA4-89E06809C92C}.Debug|Any CPU.ActiveCfg = Debug|x86
		{60B89777-A0BC-4D06-AFA4-89E06809C92C}.Debug|Mixed Platforms.ActiveCfg = Debug|x86
		{60B89777-A0BC-4D06-AFA4-89E06809C92C}.Debug|Mixed Platforms.Build.0 = Debug|x86
		{60B89777-A0BC-4D06-AFA4-89E06809C92C}.Debug|x86.ActiveCfg = Debug|x86
		{60B89777-A0BC-4D06-AFA4-89E06809C92C}.Debug|x86.Build.0 = Debug|x86
		{60B89777-A0BC-4D06-AFA4-89E06809C92C}.Release|Any CPU.ActiveCfg = Release|x86
		{60B89777-A0BC-4D06-AFA4-89E06809C92C}.Release|Mixed Platforms.ActiveCfg = Release|x86
		{60B89777-A0BC-4D06-AFA4-89E06809C92C}.Release|Mixed Platforms.Build.0 = Release|x86
		{60B89777-A0BC-4D06-AFA4-89E06809C92C}.Release|x86.ActiveCfg = Release|x86
		{60B89777-A0BC-4D06-AFA4-89E06809C92C}.Release|x86.Build.0 = Release|x86
		{168C6B8D-2265-4465-BEAE-D26120C35314}.Debug|Any CPU.ActiveCfg = Debug|x86
		{168C6B8D-2265-4465-BEAE-D26120C35314}.Debug|Mixed Platforms.ActiveCfg = Debug|x86
		{168C6B8D-2265-4465-BEAE-D26120C35314}.Debug|Mixed Platforms.Build.0 = Debug|x86
		{168C6B8D-2265-4465-BEAE-D26120C35314}.Debug|x86.ActiveCfg = Debug|x86
		{168C6B8D-2265-4465-BEAE-D26120C35314}.Debug|x86.Build.0 = Debug|x86
		{168C6B8D-2265-4465-BEAE-D26120C35314}.Release|Any CPU.ActiveCfg = Release|x86
		{168C6B8D-2265-4465-BEAE-D26120C35314}.Release|Mixed Platforms.ActiveCfg = Release|x86
		{168C6B8D-2265-4465-BEAE-D26120C35314}.Release|Mixed Platforms.Build.0 = Release|x86
		{168C6B8D-2265-4465-BEAE-D26120C35314}.Release|x86.ActiveCfg = Release|x86
		{168C6B8D-2265-4465-BEAE-D26120C35314}.Release|x86.Build.0 = Release|x86
	EndGlobalSection
	GlobalSection(SolutionProperties) = preSolution
		HideSolutionNode = FALSE
	EndGlobalSection
EndGlobal
